
Microsoft Visual Studio Solution File, Format Version 12.00
# Visual Studio Version 17
VisualStudioVersion = 17.5.33627.172
MinimumVisualStudioVersion = 10.0.40219.1
Project("{FAE04EC0-301F-11D3-BF4B-00C04F79EFBC}") = "RockPaperScissorsGame", "RockPaperScissorsGame\RockPaperScissorsGame.csproj", "{98D366D1-E1AA-4086-A20B-205B5D3FB451}"
EndProject
Global
	GlobalSection(SolutionConfigurationPlatforms) = preSolution
		Debug|Any CPU = Debug|Any CPU
		Release|Any CPU = Release|Any CPU
	EndGlobalSection
	GlobalSection(ProjectConfigurationPlatforms) = postSolution
		{98D366D1-E1AA-4086-A20B-205B5D3FB451}.Debug|Any CPU.ActiveCfg = Debug|Any CPU
		{98D366D1-E1AA-4086-A20B-205B5D3FB451}.Debug|Any CPU.Build.0 = Debug|Any CPU
		{98D366D1-E1AA-4086-A20B-205B5D3FB451}.Release|Any CPU.ActiveCfg = Release|Any CPU
		{98D366D1-E1AA-4086-A20B-205B5D3FB451}.Release|Any CPU.Build.0 = Release|Any CPU
	EndGlobalSection
	GlobalSection(SolutionProperties) = preSolution
		HideSolutionNode = FALSE
	EndGlobalSection
	GlobalSection(ExtensibilityGlobals) = postSolution
		SolutionGuid = {711CD2ED-4828-4938-B607-D95BA453234E}
	EndGlobalSection
EndGlobal
